
Microsoft Visual Studio Solution File, Format Version 12.00
# Visual Studio 15
VisualStudioVersion = 15.0.27130.2027
MinimumVisualStudioVersion = 10.0.40219.1
Project("{9A19103F-16F7-4668-BE54-9A1E7A4F7556}") = "TelegramProviders", "TelegramProviders\TelegramProviders.csproj", "{36A8468C-EB2F-4CEB-BD46-70D6C91D3148}"
EndProject
Project("{9A19103F-16F7-4668-BE54-9A1E7A4F7556}") = "TelegramProviders.Domain", "TelegramProviders.Domain\TelegramProviders.Domain.csproj", "{09944231-7B96-42AD-B799-E35DEC766D62}"
EndProject
Project("{9A19103F-16F7-4668-BE54-9A1E7A4F7556}") = "Telegram.Autofac.DI", "Telegram.Autofac.DI\Telegram.Autofac.DI.csproj", "{A272BFC2-C414-4BA8-97F9-EC1B0B9D1CAC}"
EndProject
Project("{9A19103F-16F7-4668-BE54-9A1E7A4F7556}") = "ExchangeRateService", "ExchangeRateService\ExchangeRateService.csproj", "{70E42C19-6FF3-4BE5-96FA-B582C2FBDDE7}"
EndProject
Project("{9A19103F-16F7-4668-BE54-9A1E7A4F7556}") = "Bot", "Bot\Bot.csproj", "{F5A1E392-87CB-4FD3-8280-5FE16269604B}"
EndProject
Project("{9A19103F-16F7-4668-BE54-9A1E7A4F7556}") = "App.Host", "App.Host\App.Host.csproj", "{C6B46E99-2737-4AD8-A1B4-2A7EFE80A702}"
EndProject
Project("{FAE04EC0-301F-11D3-BF4B-00C04F79EFBC}") = "App", "App\App.csproj", "{AA911C4E-876D-4A96-B849-959A38BE20B1}"
EndProject
Global
	GlobalSection(SolutionConfigurationPlatforms) = preSolution
		Debug|Any CPU = Debug|Any CPU
		Release|Any CPU = Release|Any CPU
	EndGlobalSection
	GlobalSection(ProjectConfigurationPlatforms) = postSolution
		{36A8468C-EB2F-4CEB-BD46-70D6C91D3148}.Debug|Any CPU.ActiveCfg = Debug|Any CPU
		{36A8468C-EB2F-4CEB-BD46-70D6C91D3148}.Debug|Any CPU.Build.0 = Debug|Any CPU
		{36A8468C-EB2F-4CEB-BD46-70D6C91D3148}.Release|Any CPU.ActiveCfg = Release|Any CPU
		{36A8468C-EB2F-4CEB-BD46-70D6C91D3148}.Release|Any CPU.Build.0 = Release|Any CPU
		{09944231-7B96-42AD-B799-E35DEC766D62}.Debug|Any CPU.ActiveCfg = Debug|Any CPU
		{09944231-7B96-42AD-B799-E35DEC766D62}.Debug|Any CPU.Build.0 = Debug|Any CPU
		{09944231-7B96-42AD-B799-E35DEC766D62}.Release|Any CPU.ActiveCfg = Release|Any CPU
		{09944231-7B96-42AD-B799-E35DEC766D62}.Release|Any CPU.Build.0 = Release|Any CPU
		{A272BFC2-C414-4BA8-97F9-EC1B0B9D1CAC}.Debug|Any CPU.ActiveCfg = Debug|Any CPU
		{A272BFC2-C414-4BA8-97F9-EC1B0B9D1CAC}.Debug|Any CPU.Build.0 = Debug|Any CPU
		{A272BFC2-C414-4BA8-97F9-EC1B0B9D1CAC}.Release|Any CPU.ActiveCfg = Release|Any CPU
		{A272BFC2-C414-4BA8-97F9-EC1B0B9D1CAC}.Release|Any CPU.Build.0 = Release|Any CPU
		{70E42C19-6FF3-4BE5-96FA-B582C2FBDDE7}.Debug|Any CPU.ActiveCfg = Debug|Any CPU
		{70E42C19-6FF3-4BE5-96FA-B582C2FBDDE7}.Debug|Any CPU.Build.0 = Debug|Any CPU
		{70E42C19-6FF3-4BE5-96FA-B582C2FBDDE7}.Release|Any CPU.ActiveCfg = Release|Any CPU
		{70E42C19-6FF3-4BE5-96FA-B582C2FBDDE7}.Release|Any CPU.Build.0 = Release|Any CPU
		{F5A1E392-87CB-4FD3-8280-5FE16269604B}.Debug|Any CPU.ActiveCfg = Debug|Any CPU
		{F5A1E392-87CB-4FD3-8280-5FE16269604B}.Debug|Any CPU.Build.0 = Debug|Any CPU
		{F5A1E392-87CB-4FD3-8280-5FE16269604B}.Release|Any CPU.ActiveCfg = Release|Any CPU
		{F5A1E392-87CB-4FD3-8280-5FE16269604B}.Release|Any CPU.Build.0 = Release|Any CPU
		{C6B46E99-2737-4AD8-A1B4-2A7EFE80A702}.Debug|Any CPU.ActiveCfg = Debug|Any CPU
		{C6B46E99-2737-4AD8-A1B4-2A7EFE80A702}.Debug|Any CPU.Build.0 = Debug|Any CPU
		{C6B46E99-2737-4AD8-A1B4-2A7EFE80A702}.Release|Any CPU.ActiveCfg = Release|Any CPU
		{C6B46E99-2737-4AD8-A1B4-2A7EFE80A702}.Release|Any CPU.Build.0 = Release|Any CPU
		{AA911C4E-876D-4A96-B849-959A38BE20B1}.Debug|Any CPU.ActiveCfg = Debug|Any CPU
		{AA911C4E-876D-4A96-B849-959A38BE20B1}.Debug|Any CPU.Build.0 = Debug|Any CPU
		{AA911C4E-876D-4A96-B849-959A38BE20B1}.Release|Any CPU.ActiveCfg = Release|Any CPU
		{AA911C4E-876D-4A96-B849-959A38BE20B1}.Release|Any CPU.Build.0 = Release|Any CPU
	EndGlobalSection
	GlobalSection(SolutionProperties) = preSolution
		HideSolutionNode = FALSE
	EndGlobalSection
	GlobalSection(ExtensibilityGlobals) = postSolution
		SolutionGuid = {0D3596D6-3A9B-49F7-8A93-8D3C52DB0D13}
	EndGlobalSection
EndGlobal
